{"is_source_file": true, "file_id": 19, "git_revision": "99a81c52c707fc14608172e236e7760b39e3edf6", "state": 1, "description": "", "external_files": [], "external_methods": [], "published": [], "classes": [], "methods": [], "calls": [], "search-terms": [], "hash": "e9b4c3b42cef0193b7fddb548d37e652", "format-version": 4, "code-base-name": "default", "filename": "piggyhabit/post_process_status.lock", "knowledge_revision": 43}